
Microsoft Visual Studio Solution File, Format Version 12.00
# Visual Studio 2013
VisualStudioVersion = 12.0.21005.1
MinimumVisualStudioVersion = 10.0.40219.1
Project("{FAE04EC0-301F-11D3-BF4B-00C04F79EFBC}") = "GloboMart", "GloboMart\GloboMart.csproj", "{159B7CC9-F084-4A28-AE9F-759B6AE4A231}"
EndProject
Project("{FAE04EC0-301F-11D3-BF4B-00C04F79EFBC}") = "GloboMart.Tests", "GloboMart.Tests\GloboMart.Tests.csproj", "{69E8E21D-CEA4-41F7-A38B-7507508277B9}"
EndProject
Project("{FAE04EC0-301F-11D3-BF4B-00C04F79EFBC}") = "GloboMart.ProductCatalogueService", "GloboMart.ProductCatalogueService\GloboMart.ProductCatalogueService.csproj", "{CA348419-7CA3-4870-9499-41B4CD799F64}"
EndProject
Project("{FAE04EC0-301F-11D3-BF4B-00C04F79EFBC}") = "GloboMart.ProductCatalogueService.Tests", "GloboMart.ProductCatalogueService.Tests\GloboMart.ProductCatalogueService.Tests.csproj", "{381B5FC6-2C5B-4C4D-96DD-AA6248EE4A71}"
EndProject
Global
	GlobalSection(SolutionConfigurationPlatforms) = preSolution
		Debug|Any CPU = Debug|Any CPU
		Release|Any CPU = Release|Any CPU
	EndGlobalSection
	GlobalSection(ProjectConfigurationPlatforms) = postSolution
		{159B7CC9-F084-4A28-AE9F-759B6AE4A231}.Debug|Any CPU.ActiveCfg = Debug|Any CPU
		{159B7CC9-F084-4A28-AE9F-759B6AE4A231}.Debug|Any CPU.Build.0 = Debug|Any CPU
		{159B7CC9-F084-4A28-AE9F-759B6AE4A231}.Release|Any CPU.ActiveCfg = Release|Any CPU
		{159B7CC9-F084-4A28-AE9F-759B6AE4A231}.Release|Any CPU.Build.0 = Release|Any CPU
		{69E8E21D-CEA4-41F7-A38B-7507508277B9}.Debug|Any CPU.ActiveCfg = Debug|Any CPU
		{69E8E21D-CEA4-41F7-A38B-7507508277B9}.Debug|Any CPU.Build.0 = Debug|Any CPU
		{69E8E21D-CEA4-41F7-A38B-7507508277B9}.Release|Any CPU.ActiveCfg = Release|Any CPU
		{69E8E21D-CEA4-41F7-A38B-7507508277B9}.Release|Any CPU.Build.0 = Release|Any CPU
		{CA348419-7CA3-4870-9499-41B4CD799F64}.Debug|Any CPU.ActiveCfg = Debug|Any CPU
		{CA348419-7CA3-4870-9499-41B4CD799F64}.Debug|Any CPU.Build.0 = Debug|Any CPU
		{CA348419-7CA3-4870-9499-41B4CD799F64}.Release|Any CPU.ActiveCfg = Release|Any CPU
		{CA348419-7CA3-4870-9499-41B4CD799F64}.Release|Any CPU.Build.0 = Release|Any CPU
		{381B5FC6-2C5B-4C4D-96DD-AA6248EE4A71}.Debug|Any CPU.ActiveCfg = Debug|Any CPU
		{381B5FC6-2C5B-4C4D-96DD-AA6248EE4A71}.Debug|Any CPU.Build.0 = Debug|Any CPU
		{381B5FC6-2C5B-4C4D-96DD-AA6248EE4A71}.Release|Any CPU.ActiveCfg = Release|Any CPU
		{381B5FC6-2C5B-4C4D-96DD-AA6248EE4A71}.Release|Any CPU.Build.0 = Release|Any CPU
	EndGlobalSection
	GlobalSection(SolutionProperties) = preSolution
		HideSolutionNode = FALSE
	EndGlobalSection
EndGlobal
